lockVersion: 2.0.0
id: bbe60140-7fdd-4a5d-be1b-0a08d5fea5cf
management:
  docChecksum: 064237212af809dabcbdcf7ea8c2e9d6
  docVersion: 2.0.0
  speakeasyVersion: 1.555.3
  generationVersion: 2.620.2
  releaseVersion: 0.7.0
  configChecksum: d142fb6d886dcc11513f4acca98ee116
features:
  terraform:
    additionalDependencies: 0.1.0
    constsAndDefaults: 0.2.1
    core: 3.41.10
    globalSecurity: 2.81.12
    globalServerURLs: 2.82.2
    nameOverrides: 2.81.3
    nullables: 0.0.0
    typeOverrides: 2.81.1
    unions: 2.81.17
generatedFiles:
  - .gitattributes
  - USAGE.md
  - examples/README.md
  - examples/data-sources/konnect-beta_catalog_service/data-source.tf
  - examples/data-sources/konnect-beta_integration_instance/data-source.tf
  - examples/data-sources/konnect-beta_resource_mapping/data-source.tf
  - examples/provider/provider.tf
  - examples/resources/konnect-beta_catalog_service/import.sh
  - examples/resources/konnect-beta_catalog_service/resource.tf
  - examples/resources/konnect-beta_integration_instance/import.sh
  - examples/resources/konnect-beta_integration_instance/resource.tf
  - examples/resources/konnect-beta_resource/resource.tf
  - examples/resources/konnect-beta_resource_mapping/import.sh
  - examples/resources/konnect-beta_resource_mapping/resource.tf
  - go.mod
  - go.sum
  - internal/planmodifiers/boolplanmodifier/suppress_diff.go
  - internal/planmodifiers/float32planmodifier/suppress_diff.go
  - internal/planmodifiers/float64planmodifier/suppress_diff.go
  - internal/planmodifiers/int32planmodifier/suppress_diff.go
  - internal/planmodifiers/int64planmodifier/suppress_diff.go
  - internal/planmodifiers/listplanmodifier/suppress_diff.go
  - internal/planmodifiers/mapplanmodifier/suppress_diff.go
  - internal/planmodifiers/numberplanmodifier/suppress_diff.go
  - internal/planmodifiers/objectplanmodifier/suppress_diff.go
  - internal/planmodifiers/setplanmodifier/suppress_diff.go
  - internal/planmodifiers/stringplanmodifier/suppress_diff.go
  - internal/planmodifiers/utils/state_check.go
  - internal/provider/catalogservice_data_source.go
  - internal/provider/catalogservice_data_source_sdk.go
  - internal/provider/catalogservice_resource.go
  - internal/provider/catalogservice_resource_sdk.go
  - internal/provider/integrationinstance_data_source.go
  - internal/provider/integrationinstance_data_source_sdk.go
  - internal/provider/integrationinstance_resource.go
  - internal/provider/integrationinstance_resource_sdk.go
  - internal/provider/provider.go
  - internal/provider/reflect/diags.go
  - internal/provider/reflect/doc.go
  - internal/provider/reflect/generic_attr_value.go
  - internal/provider/reflect/helpers.go
  - internal/provider/reflect/interfaces.go
  - internal/provider/reflect/into.go
  - internal/provider/reflect/map.go
  - internal/provider/reflect/number.go
  - internal/provider/reflect/options.go
  - internal/provider/reflect/outof.go
  - internal/provider/reflect/pointer.go
  - internal/provider/reflect/primitive.go
  - internal/provider/reflect/slice.go
  - internal/provider/reflect/struct.go
  - internal/provider/resource_resource.go
  - internal/provider/resource_resource_sdk.go
  - internal/provider/resourcemapping_data_source.go
  - internal/provider/resourcemapping_data_source_sdk.go
  - internal/provider/resourcemapping_resource.go
  - internal/provider/resourcemapping_resource_sdk.go
  - internal/provider/typeconvert/date.go
  - internal/provider/typeconvert/datetime.go
  - internal/provider/typeconvert/int.go
  - internal/provider/types/catalog_resource_ref.go
  - internal/provider/types/integration_instance_ref.go
  - internal/provider/types/integration_ref.go
  - internal/provider/types/integration_ref_without_instance.go
  - internal/provider/utils.go
  - internal/sdk/.gitattributes
  - internal/sdk/catalogresourcemappings.go
  - internal/sdk/catalogresources.go
  - internal/sdk/catalogservices.go
  - internal/sdk/integrationinstances.go
  - internal/sdk/internal/config/sdkconfiguration.go
  - internal/sdk/internal/hooks/hooks.go
  - internal/sdk/internal/utils/contenttype.go
  - internal/sdk/internal/utils/env.go
  - internal/sdk/internal/utils/form.go
  - internal/sdk/internal/utils/headers.go
  - internal/sdk/internal/utils/json.go
  - internal/sdk/internal/utils/pathparams.go
  - internal/sdk/internal/utils/queryparams.go
  - internal/sdk/internal/utils/requestbody.go
  - internal/sdk/internal/utils/retries.go
  - internal/sdk/internal/utils/security.go
  - internal/sdk/internal/utils/utils.go
  - internal/sdk/konnectbeta.go
  - internal/sdk/models/errors/sdkerror.go
  - internal/sdk/models/operations/archiveresource.go
  - internal/sdk/models/operations/createcatalogservice.go
  - internal/sdk/models/operations/createintegrationinstance.go
  - internal/sdk/models/operations/createresourcemapping.go
  - internal/sdk/models/operations/deletecatalogservice.go
  - internal/sdk/models/operations/deleteintegrationinstance.go
  - internal/sdk/models/operations/deleteresourcemapping.go
  - internal/sdk/models/operations/fetchcatalogservice.go
  - internal/sdk/models/operations/fetchintegrationinstance.go
  - internal/sdk/models/operations/fetchresourcemapping.go
  - internal/sdk/models/operations/initializeresource.go
  - internal/sdk/models/operations/options.go
  - internal/sdk/models/operations/updatecatalogservice.go
  - internal/sdk/models/operations/updateintegrationinstance.go
  - internal/sdk/models/operations/updateresource.go
  - internal/sdk/models/shared/badrequesterror.go
  - internal/sdk/models/shared/baseerror.go
  - internal/sdk/models/shared/catalogresource.go
  - internal/sdk/models/shared/catalogresourcemapping.go
  - internal/sdk/models/shared/catalogresourceref.go
  - internal/sdk/models/shared/catalogservice.go
  - internal/sdk/models/shared/catalogserviceref.go
  - internal/sdk/models/shared/conflicterror.go
  - internal/sdk/models/shared/createcatalogresourcemapping.go
  - internal/sdk/models/shared/createcatalogservice.go
  - internal/sdk/models/shared/createintegrationinstance.go
  - internal/sdk/models/shared/forbiddenerror.go
  - internal/sdk/models/shared/initializecatalogresource.go
  - internal/sdk/models/shared/integrationinstance.go
  - internal/sdk/models/shared/integrationinstanceref.go
  - internal/sdk/models/shared/integrationref.go
  - internal/sdk/models/shared/integrationrefwithoutinstance.go
  - internal/sdk/models/shared/invalidparameterchoiceitem.go
  - internal/sdk/models/shared/invalidparameterdependentitem.go
  - internal/sdk/models/shared/invalidparametermaximumlength.go
  - internal/sdk/models/shared/invalidparameterminimumlength.go
  - internal/sdk/models/shared/invalidparameters.go
  - internal/sdk/models/shared/invalidparameterstandard.go
  - internal/sdk/models/shared/invalidrules.go
  - internal/sdk/models/shared/notfounderror.go
  - internal/sdk/models/shared/security.go
  - internal/sdk/models/shared/unauthorizederror.go
  - internal/sdk/models/shared/updatecatalogresource.go
  - internal/sdk/models/shared/updatecatalogservice.go
  - internal/sdk/models/shared/updateintegrationinstance.go
  - internal/sdk/retry/config.go
  - internal/sdk/types/bigint.go
  - internal/sdk/types/date.go
  - internal/sdk/types/datetime.go
  - internal/sdk/types/decimal.go
  - internal/sdk/types/pointers.go
  - internal/validators/DateValidator.go
  - internal/validators/ExactlyOneChild.go
  - internal/validators/JSONParseValidator.go
  - internal/validators/RFC3339Validator.go
  - internal/validators/boolvalidators/not_null.go
  - internal/validators/float32validators/not_null.go
  - internal/validators/float64validators/not_null.go
  - internal/validators/int32validators/not_null.go
  - internal/validators/int64validators/not_null.go
  - internal/validators/listvalidators/not_null.go
  - internal/validators/mapvalidators/not_null.go
  - internal/validators/numbervalidators/not_null.go
  - internal/validators/objectvalidators/not_null.go
  - internal/validators/setvalidators/not_null.go
  - internal/validators/stringvalidators/not_null.go
  - main.go
  - terraform-registry-manifest.json
  - tools/tools.go
examples:
  create-catalog-service:
    speakeasy-default-create-catalog-service:
      requestBody:
        application/json: {"name": "user-svc", "display_name": "User Service", "labels": {"env": "test"}}
      responses:
        "201":
          application/json: {"id": "7f9fd312-a987-4628-b4c5-bb4f4fddd5f7", "name": "user-svc", "display_name": "User Service", "description": "alive sunder fat appropriate jealous", "custom_fields": {"owner": "John Appleseed", "dashboard": {"name": "On-Call Dashboard", "link": "https://my-dashboard-svc.io/dashboards/1"}}, "labels": {"env": "test"}, "created_at": "2022-11-04T20:10:06.927Z", "updated_at": "2022-11-04T20:10:06.927Z"}
        "400":
          application/problem+json: {"status": 82640, "title": "<value>", "instance": "<value>", "detail": "<value>", "invalid_parameters": [{"field": "name", "source": "body", "reason": "is a required field"}]}
        "401":
          application/problem+json: {"status": 401, "title": "Unauthorized", "type": "https://httpstatuses.com/401", "instance": "kong:trace:1234567890", "detail": "Invalid credentials"}
        "403":
          application/problem+json: {"status": 403, "title": "Forbidden", "type": "https://httpstatuses.com/403", "instance": "kong:trace:1234567890", "detail": "Forbidden"}
        "500":
          application/problem+json: {"status": 79440, "title": "<value>", "instance": "<value>", "detail": "<value>"}
  fetch-catalog-service:
    speakeasy-default-fetch-catalog-service:
      parameters:
        path:
          id: "7f9fd312-a987-4628-b4c5-bb4f4fddd5f7"
      responses:
        "200":
          application/json: {"id": "7f9fd312-a987-4628-b4c5-bb4f4fddd5f7", "name": "user-svc", "display_name": "User Service", "description": "quirkily flood usable equally costume mortally rout gosh", "custom_fields": {"owner": "John Appleseed", "dashboard": {"name": "On-Call Dashboard", "link": "https://my-dashboard-svc.io/dashboards/1"}}, "labels": {"env": "test"}, "created_at": "2022-11-04T20:10:06.927Z", "updated_at": "2022-11-04T20:10:06.927Z"}
        "401":
          application/problem+json: {"status": 401, "title": "Unauthorized", "type": "https://httpstatuses.com/401", "instance": "kong:trace:1234567890", "detail": "Invalid credentials"}
        "403":
          application/problem+json: {"status": 403, "title": "Forbidden", "type": "https://httpstatuses.com/403", "instance": "kong:trace:1234567890", "detail": "Forbidden"}
        "404":
          application/problem+json: {"status": 404, "title": "Not Found", "type": "https://httpstatuses.com/404", "instance": "kong:trace:1234567890", "detail": "Not found"}
        "500":
          application/problem+json: {"status": 125451, "title": "<value>", "instance": "<value>", "detail": "<value>"}
  update-catalog-service:
    speakeasy-default-update-catalog-service:
      parameters:
        path:
          id: "7f9fd312-a987-4628-b4c5-bb4f4fddd5f7"
      requestBody:
        application/json: {"name": "user-svc", "display_name": "User Service", "labels": {"env": "test"}}
      responses:
        "200":
          application/json: {"id": "7f9fd312-a987-4628-b4c5-bb4f4fddd5f7", "name": "user-svc", "display_name": "User Service", "description": "which tragic whenever preside", "custom_fields": {"owner": "John Appleseed", "dashboard": {"name": "On-Call Dashboard", "link": "https://my-dashboard-svc.io/dashboards/1"}}, "labels": {"env": "test"}, "created_at": "2022-11-04T20:10:06.927Z", "updated_at": "2022-11-04T20:10:06.927Z"}
        "400":
          application/problem+json: {"status": 446855, "title": "<value>", "instance": "<value>", "detail": "<value>", "invalid_parameters": []}
        "401":
          application/problem+json: {"status": 401, "title": "Unauthorized", "type": "https://httpstatuses.com/401", "instance": "kong:trace:1234567890", "detail": "Invalid credentials"}
        "403":
          application/problem+json: {"status": 403, "title": "Forbidden", "type": "https://httpstatuses.com/403", "instance": "kong:trace:1234567890", "detail": "Forbidden"}
        "404":
          application/problem+json: {"status": 404, "title": "Not Found", "type": "https://httpstatuses.com/404", "instance": "kong:trace:1234567890", "detail": "Not found"}
        "409":
          application/problem+json: {"status": 409, "title": "Conflict", "type": "https://httpstatuses.com/409", "instance": "kong:trace:1234567890", "detail": "Conflict"}
        "500":
          application/problem+json: {"status": 790359, "title": "<value>", "instance": "<value>", "detail": "<value>"}
  delete-catalog-service:
    speakeasy-default-delete-catalog-service:
      parameters:
        path:
          id: "7f9fd312-a987-4628-b4c5-bb4f4fddd5f7"
      responses:
        "401":
          application/problem+json: {"status": 401, "title": "Unauthorized", "type": "https://httpstatuses.com/401", "instance": "kong:trace:1234567890", "detail": "Invalid credentials"}
        "403":
          application/problem+json: {"status": 403, "title": "Forbidden", "type": "https://httpstatuses.com/403", "instance": "kong:trace:1234567890", "detail": "Forbidden"}
        "404":
          application/problem+json: {"status": 404, "title": "Not Found", "type": "https://httpstatuses.com/404", "instance": "kong:trace:1234567890", "detail": "Not found"}
        "500":
          application/problem+json: {"status": 70987, "title": "<value>", "instance": "<value>", "detail": "<value>"}
  create-integration-instance:
    speakeasy-default-create-integration-instance:
      requestBody:
        application/json: {"integration_name": "aws-lambda", "name": "aws-lambda-prod", "display_name": "AWS (prod)", "config": {"account_region": "eu"}}
      responses:
        "201":
          application/json: {"id": "3f51fa25-310a-421d-bd1a-007f859021a3", "name": "aws-lambda-prod", "display_name": "AWS (prod)", "description": "needily boo triumphantly who gratefully out actually whether jet next", "integration": {"name": "gateway-manager", "display_name": "gateway-manager"}, "authorized": true, "config": {"account_region": "eu"}, "created_at": "2022-11-04T20:10:06.927Z", "updated_at": "2022-11-04T20:10:06.927Z"}
        "400":
          application/problem+json: {"status": 92752, "title": "<value>", "instance": "<value>", "detail": "<value>", "invalid_parameters": [{"field": "name", "rule": "dependent_fields", "reason": "is a required field", "dependents": [], "source": "body"}]}
        "401":
          application/problem+json: {"status": 401, "title": "Unauthorized", "type": "https://httpstatuses.com/401", "instance": "kong:trace:1234567890", "detail": "Invalid credentials"}
        "403":
          application/problem+json: {"status": 403, "title": "Forbidden", "type": "https://httpstatuses.com/403", "instance": "kong:trace:1234567890", "detail": "Forbidden"}
        "500":
          application/problem+json: {"status": 335076, "title": "<value>", "instance": "<value>", "detail": "<value>"}
  fetch-integration-instance:
    speakeasy-default-fetch-integration-instance:
      parameters:
        path:
          id: "3f51fa25-310a-421d-bd1a-007f859021a3"
      responses:
        "200":
          application/json: {"id": "3f51fa25-310a-421d-bd1a-007f859021a3", "name": "aws-lambda-prod", "display_name": "AWS (prod)", "description": "quit deflate toaster upright", "integration": {"name": "gateway-manager", "display_name": "gateway-manager"}, "authorized": true, "config": {"account_region": "eu"}, "created_at": "2022-11-04T20:10:06.927Z", "updated_at": "2022-11-04T20:10:06.927Z"}
        "401":
          application/problem+json: {"status": 401, "title": "Unauthorized", "type": "https://httpstatuses.com/401", "instance": "kong:trace:1234567890", "detail": "Invalid credentials"}
        "403":
          application/problem+json: {"status": 403, "title": "Forbidden", "type": "https://httpstatuses.com/403", "instance": "kong:trace:1234567890", "detail": "Forbidden"}
        "404":
          application/problem+json: {"status": 404, "title": "Not Found", "type": "https://httpstatuses.com/404", "instance": "kong:trace:1234567890", "detail": "Not found"}
        "500":
          application/problem+json: {"status": 348362, "title": "<value>", "instance": "<value>", "detail": "<value>"}
  update-integration-instance:
    speakeasy-default-update-integration-instance:
      parameters:
        path:
          id: "3f51fa25-310a-421d-bd1a-007f859021a3"
      requestBody:
        application/json: {"name": "aws-lambda-prod", "display_name": "AWS (prod)", "config": {"account_region": "eu"}}
      responses:
        "200":
          application/json: {"id": "3f51fa25-310a-421d-bd1a-007f859021a3", "name": "aws-lambda-prod", "display_name": "AWS (prod)", "description": "viciously anenst diligent disappointment", "integration": {"name": "gateway-manager", "display_name": "gateway-manager"}, "authorized": true, "config": {"account_region": "eu"}, "created_at": "2022-11-04T20:10:06.927Z", "updated_at": "2022-11-04T20:10:06.927Z"}
        "400":
          application/problem+json: {"status": 915697, "title": "<value>", "instance": "<value>", "detail": "<value>", "invalid_parameters": [{"field": "name", "rule": "enum", "reason": "is a required field", "choices": ["<value 1>", "<value 2>"], "source": "body"}]}
        "401":
          application/problem+json: {"status": 401, "title": "Unauthorized", "type": "https://httpstatuses.com/401", "instance": "kong:trace:1234567890", "detail": "Invalid credentials"}
        "403":
          application/problem+json: {"status": 403, "title": "Forbidden", "type": "https://httpstatuses.com/403", "instance": "kong:trace:1234567890", "detail": "Forbidden"}
        "404":
          application/problem+json: {"status": 404, "title": "Not Found", "type": "https://httpstatuses.com/404", "instance": "kong:trace:1234567890", "detail": "Not found"}
        "409":
          application/problem+json: {"status": 409, "title": "Conflict", "type": "https://httpstatuses.com/409", "instance": "kong:trace:1234567890", "detail": "Conflict"}
        "500":
          application/problem+json: {"status": 316891, "title": "<value>", "instance": "<value>", "detail": "<value>"}
  delete-integration-instance:
    speakeasy-default-delete-integration-instance:
      parameters:
        path:
          id: "3f51fa25-310a-421d-bd1a-007f859021a3"
      responses:
        "401":
          application/problem+json: {"status": 401, "title": "Unauthorized", "type": "https://httpstatuses.com/401", "instance": "kong:trace:1234567890", "detail": "Invalid credentials"}
        "403":
          application/problem+json: {"status": 403, "title": "Forbidden", "type": "https://httpstatuses.com/403", "instance": "kong:trace:1234567890", "detail": "Forbidden"}
        "404":
          application/problem+json: {"status": 404, "title": "Not Found", "type": "https://httpstatuses.com/404", "instance": "kong:trace:1234567890", "detail": "Not found"}
        "500":
          application/problem+json: {"status": 431967, "title": "<value>", "instance": "<value>", "detail": "<value>"}
  archive-resource:
    speakeasy-default-archive-resource:
      parameters:
        path:
          integrationInstanceId: "3f51fa25-310a-421d-bd1a-007f859021a3"
          resourceId: "AflTNLY0tTQhv2my"
      requestBody:
        application/json: {"archived": true}
      responses:
        "200":
          application/json: {"id": "4UdXnoaDYYJsH_Ir", "name": "<value>", "integration": {"name": "gateway-manager", "display_name": "gateway-manager", "instance": {"id": "772b9caf-ddbc-4f4f-8aa4-8dfbbe420351", "name": "aws-lambda-prod", "display_name": "AWS (prod)"}}, "type": "gateway_svc", "config": {"control_plane_id": "ccadfb0a-56cd-4f74-955d-aec1d87157c8", "gateway_service_id": "94896d05-0c4d-45eb-aae3-de754885dd58"}, "attributes": {"key": "<value>", "key1": "<value>"}, "archived": false, "service_associations": 2, "created_at": "2022-11-04T20:10:06.927Z", "updated_at": "2022-11-04T20:10:06.927Z"}
        "400":
          application/problem+json: {"status": 165712, "title": "<value>", "instance": "<value>", "detail": "<value>", "invalid_parameters": [{"field": "name", "rule": "dependent_fields", "reason": "is a required field", "dependents": ["<value 1>"], "source": "body"}]}
        "401":
          application/problem+json: {"status": 401, "title": "Unauthorized", "type": "https://httpstatuses.com/401", "instance": "kong:trace:1234567890", "detail": "Invalid credentials"}
        "403":
          application/problem+json: {"status": 403, "title": "Forbidden", "type": "https://httpstatuses.com/403", "instance": "kong:trace:1234567890", "detail": "Forbidden"}
        "404":
          application/problem+json: {"status": 404, "title": "Not Found", "type": "https://httpstatuses.com/404", "instance": "kong:trace:1234567890", "detail": "Not found"}
        "500":
          application/problem+json: {"status": 358005, "title": "<value>", "instance": "<value>", "detail": "<value>"}
  initialize-resource:
    speakeasy-default-initialize-resource:
      parameters:
        path:
          id: "3f51fa25-310a-421d-bd1a-007f859021a3"
          integrationInstanceId: "3f51fa25-310a-421d-bd1a-007f859021a3"
      requestBody:
        application/json: {"type": "gateway_svc"}
      responses:
        "201":
          application/json: {"id": "4UdXnoaDYYJsH_Ir", "name": "<value>", "integration": {"name": "gateway-manager", "display_name": "gateway-manager", "instance": {"id": "772b9caf-ddbc-4f4f-8aa4-8dfbbe420351", "name": "aws-lambda-prod", "display_name": "AWS (prod)"}}, "type": "gateway_svc", "config": {"control_plane_id": "ccadfb0a-56cd-4f74-955d-aec1d87157c8", "gateway_service_id": "94896d05-0c4d-45eb-aae3-de754885dd58"}, "attributes": {"key": "<value>", "key1": "<value>", "key2": "<value>"}, "archived": false, "service_associations": 2, "created_at": "2022-11-04T20:10:06.927Z", "updated_at": "2022-11-04T20:10:06.927Z"}
        "400":
          application/problem+json: {"status": 225244, "title": "<value>", "instance": "<value>", "detail": "<value>", "invalid_parameters": []}
        "401":
          application/problem+json: {"status": 401, "title": "Unauthorized", "type": "https://httpstatuses.com/401", "instance": "kong:trace:1234567890", "detail": "Invalid credentials"}
        "403":
          application/problem+json: {"status": 403, "title": "Forbidden", "type": "https://httpstatuses.com/403", "instance": "kong:trace:1234567890", "detail": "Forbidden"}
        "404":
          application/problem+json: {"status": 404, "title": "Not Found", "type": "https://httpstatuses.com/404", "instance": "kong:trace:1234567890", "detail": "Not found"}
        "500":
          application/problem+json: {"status": 537477, "title": "<value>", "instance": "<value>", "detail": "<value>"}
  update-resource:
    speakeasy-default-update-resource:
      parameters:
        path:
          integrationInstanceId: "3f51fa25-310a-421d-bd1a-007f859021a3"
          resourceId: "AflTNLY0tTQhv2my"
      requestBody:
        application/json: {"archived": false}
      responses:
        "200":
          application/json: {"id": "4UdXnoaDYYJsH_Ir", "name": "<value>", "integration": {"name": "gateway-manager", "display_name": "gateway-manager", "instance": {"id": "772b9caf-ddbc-4f4f-8aa4-8dfbbe420351", "name": "aws-lambda-prod", "display_name": "AWS (prod)"}}, "type": "gateway_svc", "config": {"control_plane_id": "ccadfb0a-56cd-4f74-955d-aec1d87157c8", "gateway_service_id": "94896d05-0c4d-45eb-aae3-de754885dd58"}, "attributes": {"key": "<value>", "key1": "<value>", "key2": "<value>"}, "archived": false, "service_associations": 2, "created_at": "2022-11-04T20:10:06.927Z", "updated_at": "2022-11-04T20:10:06.927Z"}
        "400":
          application/problem+json: {"status": 20916, "title": "<value>", "instance": "<value>", "detail": "<value>", "invalid_parameters": []}
        "401":
          application/problem+json: {"status": 401, "title": "Unauthorized", "type": "https://httpstatuses.com/401", "instance": "kong:trace:1234567890", "detail": "Invalid credentials"}
        "403":
          application/problem+json: {"status": 403, "title": "Forbidden", "type": "https://httpstatuses.com/403", "instance": "kong:trace:1234567890", "detail": "Forbidden"}
        "404":
          application/problem+json: {"status": 404, "title": "Not Found", "type": "https://httpstatuses.com/404", "instance": "kong:trace:1234567890", "detail": "Not found"}
        "500":
          application/problem+json: {"status": 812306, "title": "<value>", "instance": "<value>", "detail": "<value>"}
  create-resource-mapping:
    speakeasy-default-create-resource-mapping:
      requestBody:
        application/json: {"service": "user-svc", "resource": "4UdXnoaDYYJsH_Ir"}
      responses:
        "201":
          application/json: {"id": "d277faad-ed4e-4c56-a0fb-acce065dee34", "resource": {"id": "4UdXnoaDYYJsH_Ir", "name": "<value>", "integration": {"name": "gateway-manager", "display_name": "gateway-manager", "instance": {"id": "772b9caf-ddbc-4f4f-8aa4-8dfbbe420351", "name": "aws-lambda-prod", "display_name": "AWS (prod)"}}, "type": "gateway_svc", "config": "<value>"}, "service": {"id": "7f9fd312-a987-4628-b4c5-bb4f4fddd5f7", "name": "user-svc", "display_name": "User Service"}, "created_at": "2022-11-04T20:10:06.927Z"}
        "400":
          application/problem+json: {"status": 519975, "title": "<value>", "instance": "<value>", "detail": "<value>", "invalid_parameters": [{"field": "name", "rule": "min", "minimum": 8, "source": "body", "reason": "must have at least 8 characters"}]}
        "401":
          application/problem+json: {"status": 401, "title": "Unauthorized", "type": "https://httpstatuses.com/401", "instance": "kong:trace:1234567890", "detail": "Invalid credentials"}
        "403":
          application/problem+json: {"status": 403, "title": "Forbidden", "type": "https://httpstatuses.com/403", "instance": "kong:trace:1234567890", "detail": "Forbidden"}
        "409":
          application/problem+json: {"status": 409, "title": "Conflict", "type": "https://httpstatuses.com/409", "instance": "kong:trace:1234567890", "detail": "Conflict"}
        "500":
          application/problem+json: {"status": 511270, "title": "<value>", "instance": "<value>", "detail": "<value>"}
  fetch-resource-mapping:
    speakeasy-default-fetch-resource-mapping:
      parameters:
        path:
          resourceMappingId: "d277faad-ed4e-4c56-a0fb-acce065dee34"
      responses:
        "200":
          application/json: {"id": "d277faad-ed4e-4c56-a0fb-acce065dee34", "resource": {"id": "4UdXnoaDYYJsH_Ir", "name": "<value>", "integration": {"name": "gateway-manager", "display_name": "gateway-manager", "instance": {"id": "772b9caf-ddbc-4f4f-8aa4-8dfbbe420351", "name": "aws-lambda-prod", "display_name": "AWS (prod)"}}, "type": "gateway_svc", "config": "<value>"}, "service": {"id": "7f9fd312-a987-4628-b4c5-bb4f4fddd5f7", "name": "user-svc", "display_name": "User Service"}, "created_at": "2022-11-04T20:10:06.927Z"}
        "401":
          application/problem+json: {"status": 401, "title": "Unauthorized", "type": "https://httpstatuses.com/401", "instance": "kong:trace:1234567890", "detail": "Invalid credentials"}
        "403":
          application/problem+json: {"status": 403, "title": "Forbidden", "type": "https://httpstatuses.com/403", "instance": "kong:trace:1234567890", "detail": "Forbidden"}
        "404":
          application/problem+json: {"status": 404, "title": "Not Found", "type": "https://httpstatuses.com/404", "instance": "kong:trace:1234567890", "detail": "Not found"}
        "500":
          application/problem+json: {"status": 40548, "title": "<value>", "instance": "<value>", "detail": "<value>"}
  delete-resource-mapping:
    speakeasy-default-delete-resource-mapping:
      parameters:
        path:
          resourceMappingId: "d277faad-ed4e-4c56-a0fb-acce065dee34"
      responses:
        "401":
          application/problem+json: {"status": 401, "title": "Unauthorized", "type": "https://httpstatuses.com/401", "instance": "kong:trace:1234567890", "detail": "Invalid credentials"}
        "403":
          application/problem+json: {"status": 403, "title": "Forbidden", "type": "https://httpstatuses.com/403", "instance": "kong:trace:1234567890", "detail": "Forbidden"}
        "404":
          application/problem+json: {"status": 404, "title": "Not Found", "type": "https://httpstatuses.com/404", "instance": "kong:trace:1234567890", "detail": "Not found"}
        "500":
          application/problem+json: {"status": 17935, "title": "<value>", "instance": "<value>", "detail": "<value>"}
examplesVersion: 1.0.2
generatedTests: {}
